// !$*UTF8*$!
{
	archiveVersion = 1;
	classes = {
	};
	objectVersion = 56;
	objects = {

/* Begin PBXBuildFile section */
		C800259629D6348E0072CF53 /* AppDelegate.swift in Sources */ = {isa = PBXBuildFile; fileRef = C800259529D6348E0072CF53 /* AppDelegate.swift */; };
		C800259829D6348E0072CF53 /* SceneDelegate.swift in Sources */ = {isa = PBXBuildFile; fileRef = C800259729D6348E0072CF53 /* SceneDelegate.swift */; };
		C800259A29D6348E0072CF53 /* ViewController.swift in Sources */ = {isa = PBXBuildFile; fileRef = C800259929D6348E0072CF53 /* ViewController.swift */; };
		C800259D29D6348E0072CF53 /* Main.storyboard in Resources */ = {isa = PBXBuildFile; fileRef = C800259B29D6348E0072CF53 /* Main.storyboard */; };
		C800259F29D6348F0072CF53 /* Assets.xcassets in Resources */ = {isa = PBXBuildFile; fileRef = C800259E29D6348F0072CF53 /* Assets.xcassets */; };
		C80025A229D6348F0072CF53 /* LaunchScreen.storyboard in Resources */ = {isa = PBXBuildFile; fileRef = C80025A029D6348F0072CF53 /* LaunchScreen.storyboard */; };
		C80025AD29D6348F0072CF53 /* Homework_3Tests.swift in Sources */ = {isa = PBXBuildFile; fileRef = C80025AC29D6348F0072CF53 /* Homework_3Tests.swift */; };
		C80025B729D6348F0072CF53 /* Homework_3UITests.swift in Sources */ = {isa = PBXBuildFile; fileRef = C80025B629D6348F0072CF53 /* Homework_3UITests.swift */; };
		C80025B929D6348F0072CF53 /* Homework_3UITestsLaunchTests.swift in Sources */ = {isa = PBXBuildFile; fileRef = C80025B829D6348F0072CF53 /* Homework_3UITestsLaunchTests.swift */; };
/* End PBXBuildFile section */

/* Begin PBXContainerItemProxy section */
		C80025A929D6348F0072CF53 /* PBXContainerItemProxy */ = {
			isa = PBXContainerItemProxy;
			containerPortal = C800258A29D6348E0072CF53 /* Project object */;
			proxyType = 1;
			remoteGlobalIDString = C800259129D6348E0072CF53;
			remoteInfo = "Homework 3";
		};
		C80025B329D6348F0072CF53 /* PBXContainerItemProxy */ = {
			isa = PBXContainerItemProxy;
			containerPortal = C800258A29D6348E0072CF53 /* Project object */;
			proxyType = 1;
			remoteGlobalIDString = C800259129D6348E0072CF53;
			remoteInfo = "Homework 3";
		};
/* End PBXContainerItemProxy section */

/* Begin PBXFileReference section */
		C800259229D6348E0072CF53 /* Homework 3.app */ = {isa = PBXFileReference; explicitFileType = wrapper.application; includeInIndex = 0; path = "Homework 3.app"; sourceTree = BUILT_PRODUCTS_DIR; };
		C800259529D6348E0072CF53 /* AppDelegate.swift */ = {isa = PBXFileReference; lastKnownFileType = sourcecode.swift; path = AppDelegate.swift; sourceTree = "<group>"; };
		C800259729D6348E0072CF53 /* SceneDelegate.swift */ = {isa = PBXFileReference; lastKnownFileType = sourcecode.swift; path = SceneDelegate.swift; sourceTree = "<group>"; };
		C800259929D6348E0072CF53 /* ViewController.swift */ = {isa = PBXFileReference; lastKnownFileType = sourcecode.swift; path = ViewController.swift; sourceTree = "<group>"; };
		C800259C29D6348E0072CF53 /* Base */ = {isa = PBXFileReference; lastKnownFileType = file.storyboard; name = Base; path = Base.lproj/Main.storyboard; sourceTree = "<group>"; };
		C800259E29D6348F0072CF53 /* Assets.xcassets */ = {isa = PBXFileReference; lastKnownFileType = folder.assetcatalog; path = Assets.xcassets; sourceTree = "<group>"; };
		C80025A129D6348F0072CF53 /* Base */ = {isa = PBXFileReference; lastKnownFileType = file.storyboard; name = Base; path = Base.lproj/LaunchScreen.storyboard; sourceTree = "<group>"; };
		C80025A329D6348F0072CF53 /* Info.plist */ = {isa = PBXFileReference; lastKnownFileType = text.plist.xml; path = Info.plist; sourceTree = "<group>"; };
		C80025A829D6348F0072CF53 /* Homework 3Tests.xctest */ = {isa = PBXFileReference; explicitFileType = wrapper.cfbundle; includeInIndex = 0; path = "Homework 3Tests.xctest"; sourceTree = BUILT_PRODUCTS_DIR; };
		C80025AC29D6348F0072CF53 /* Homework_3Tests.swift */ = {isa = PBXFileReference; lastKnownFileType = sourcecode.swift; path = Homework_3Tests.swift; sourceTree = "<group>"; };
		C80025B229D6348F0072CF53 /* Homework 3UITests.xctest */ = {isa = PBXFileReference; explicitFileType = wrapper.cfbundle; includeInIndex = 0; path = "Homework 3UITests.xctest"; sourceTree = BUILT_PRODUCTS_DIR; };
		C80025B629D6348F0072CF53 /* Homework_3UITests.swift */ = {isa = PBXFileReference; lastKnownFileType = sourcecode.swift; path = Homework_3UITests.swift; sourceTree = "<group>"; };
		C80025B829D6348F0072CF53 /* Homework_3UITestsLaunchTests.swift */ = {isa = PBXFileReference; lastKnownFileType = sourcecode.swift; path = Homework_3UITestsLaunchTests.swift; sourceTree = "<group>"; };
/* End PBXFileReference section */

/* Begin PBXFrameworksBuildPhase section */
		C800258F29D6348E0072CF53 /* Frameworks */ = {
			isa = PBXFrameworksBuildPhase;
			buildActionMask = 2147483647;
			files = (
			);
			runOnlyForDeploymentPostprocessing = 0;
		};
		C80025A529D6348F0072CF53 /* Frameworks */ = {
			isa = PBXFrameworksBuildPhase;
			buildActionMask = 2147483647;
			files = (
			);
			runOnlyForDeploymentPostprocessing = 0;
		};
		C80025AF29D6348F0072CF53 /* Frameworks */ = {
			isa = PBXFrameworksBuildPhase;
			buildActionMask = 2147483647;
			files = (
			);
			runOnlyForDeploymentPostprocessing = 0;
		};
/* End PBXFrameworksBuildPhase section */

/* Begin PBXGroup section */
		C800258929D6348E0072CF53 = {
			isa = PBXGroup;
			children = (
				C800259429D6348E0072CF53 /* Homework 3 */,
				C80025AB29D6348F0072CF53 /* Homework 3Tests */,
				C80025B529D6348F0072CF53 /* Homework 3UITests */,
				C800259329D6348E0072CF53 /* Products */,
			);
			sourceTree = "<group>";
		};
		C800259329D6348E0072CF53 /* Products */ = {
			isa = PBXGroup;
			children = (
				C800259229D6348E0072CF53 /* Homework 3.app */,
				C80025A829D6348F0072CF53 /* Homework 3Tests.xctest */,
				C80025B229D6348F0072CF53 /* Homework 3UITests.xctest */,
			);
			name = Products;
			sourceTree = "<group>";
		};
		C800259429D6348E0072CF53 /* Homework 3 */ = {
			isa = PBXGroup;
			children = (
				C800259529D6348E0072CF53 /* AppDelegate.swift */,
				C800259729D6348E0072CF53 /* SceneDelegate.swift */,
				C800259929D6348E0072CF53 /* ViewController.swift */,
				C800259B29D6348E0072CF53 /* Main.storyboard */,
				C800259E29D6348F0072CF53 /* Assets.xcassets */,
				C80025A029D6348F0072CF53 /* LaunchScreen.storyboard */,
				C80025A329D6348F0072CF53 /* Info.plist */,
			);
			path = "Homework 3";
			sourceTree = "<group>";
		};
		C80025AB29D6348F0072CF53 /* Homework 3Tests */ = {
			isa = PBXGroup;
			children = (
				C80025AC29D6348F0072CF53 /* Homework_3Tests.swift */,
			);
			path = "Homework 3Tests";
			sourceTree = "<group>";
		};
		C80025B529D6348F0072CF53 /* Homework 3UITests */ = {
			isa = PBXGroup;
			children = (
				C80025B629D6348F0072CF53 /* Homework_3UITests.swift */,
				C80025B829D6348F0072CF53 /* Homework_3UITestsLaunchTests.swift */,
			);
			path = "Homework 3UITests";
			sourceTree = "<group>";
		};
/* End PBXGroup section */

/* Begin PBXNativeTarget section */
		C800259129D6348E0072CF53 /* Homework 3 */ = {
			isa = PBXNativeTarget;
			buildConfigurationList = C80025BC29D6348F0072CF53 /* Build configuration list for PBXNativeTarget "Homework 3" */;
			buildPhases = (
				C800258E29D6348E0072CF53 /* Sources */,
				C800258F29D6348E0072CF53 /* Frameworks */,
				C800259029D6348E0072CF53 /* Resources */,
			);
			buildRules = (
			);
			dependencies = (
			);
			name = "Homework 3";
			productName = "Homework 3";
			productReference = C800259229D6348E0072CF53 /* Homework 3.app */;
			productType = "com.apple.product-type.application";
		};
		C80025A729D6348F0072CF53 /* Homework 3Tests */ = {
			isa = PBXNativeTarget;
			buildConfigurationList = C80025BF29D6348F0072CF53 /* Build configuration list for PBXNativeTarget "Homework 3Tests" */;
			buildPhases = (
				C80025A429D6348F0072CF53 /* Sources */,
				C80025A529D6348F0072CF53 /* Frameworks */,
				C80025A629D6348F0072CF53 /* Resources */,
			);
			buildRules = (
			);
			dependencies = (
				C80025AA29D6348F0072CF53 /* PBXTargetDependency */,
			);
			name = "Homework 3Tests";
			productName = "Homework 3Tests";
			productReference = C80025A829D6348F0072CF53 /* Homework 3Tests.xctest */;
			productType = "com.apple.product-type.bundle.unit-test";
		};
		C80025B129D6348F0072CF53 /* Homework 3UITests */ = {
			isa = PBXNativeTarget;
			buildConfigurationList = C80025C229D6348F0072CF53 /* Build configuration list for PBXNativeTarget "Homework 3UITests" */;
			buildPhases = (
				C80025AE29D6348F0072CF53 /* Sources */,
				C80025AF29D6348F0072CF53 /* Frameworks */,
				C80025B029D6348F0072CF53 /* Resources */,
			);
			buildRules = (
			);
			dependencies = (
				C80025B429D6348F0072CF53 /* PBXTargetDependency */,
			);
			name = "Homework 3UITests";
			productName = "Homework 3UITests";
			productReference = C80025B229D6348F0072CF53 /* Homework 3UITests.xctest */;
			productType = "com.apple.product-type.bundle.ui-testing";
		};
/* End PBXNativeTarget section */

/* Begin PBXProject section */
		C800258A29D6348E0072CF53 /* Project object */ = {
			isa = PBXProject;
			attributes = {
				BuildIndependentTargetsInParallel = 1;
				LastSwiftUpdateCheck = 1420;
				LastUpgradeCheck = 1420;
				TargetAttributes = {
					C800259129D6348E0072CF53 = {
						CreatedOnToolsVersion = 14.2;
					};
					C80025A729D6348F0072CF53 = {
						CreatedOnToolsVersion = 14.2;
						TestTargetID = C800259129D6348E0072CF53;
					};
					C80025B129D6348F0072CF53 = {
						CreatedOnToolsVersion = 14.2;
						TestTargetID = C800259129D6348E0072CF53;
					};
				};
			};
			buildConfigurationList = C800258D29D6348E0072CF53 /* Build configuration list for PBXProject "Homework 3" */;
			compatibilityVersion = "Xcode 14.0";
			developmentRegion = en;
			hasScannedForEncodings = 0;
			knownRegions = (
				en,
				Base,
			);
			mainGroup = C800258929D6348E0072CF53;
			productRefGroup = C800259329D6348E0072CF53 /* Products */;
			projectDirPath = "";
			projectRoot = "";
			targets = (
				C800259129D6348E0072CF53 /* Homework 3 */,
				C80025A729D6348F0072CF53 /* Homework 3Tests */,
				C80025B129D6348F0072CF53 /* Homework 3UITests */,
			);
		};
/* End PBXProject section */

/* Begin PBXResourcesBuildPhase section */
		C800259029D6348E0072CF53 /* Resources */ = {
			isa = PBXResourcesBuildPhase;
			buildActionMask = 2147483647;
			files = (
				C80025A229D6348F0072CF53 /* LaunchScreen.storyboard in Resources */,
				C800259F29D6348F0072CF53 /* Assets.xcassets in Resources */,
				C800259D29D6348E0072CF53 /* Main.storyboard in Resources */,
			);
			runOnlyForDeploymentPostprocessing = 0;
		};
		C80025A629D6348F0072CF53 /* Resources */ = {
			isa = PBXResourcesBuildPhase;
			buildActionMask = 2147483647;
			files = (
			);
			runOnlyForDeploymentPostprocessing = 0;
		};
		C80025B029D6348F0072CF53 /* Resources */ = {
			isa = PBXResourcesBuildPhase;
			buildActionMask = 2147483647;
			files = (
			);
			runOnlyForDeploymentPostprocessing = 0;
		};
/* End PBXResourcesBuildPhase section */

/* Begin PBXSourcesBuildPhase section */
		C800258E29D6348E0072CF53 /* Sources */ = {
			isa = PBXSourcesBuildPhase;
			buildActionMask = 2147483647;
			files = (
				C800259A29D6348E0072CF53 /* ViewController.swift in Sources */,
				C800259629D6348E0072CF53 /* AppDelegate.swift in Sources */,
				C800259829D6348E0072CF53 /* SceneDelegate.swift in Sources */,
			);
			runOnlyForDeploymentPostprocessing = 0;
		};
		C80025A429D6348F0072CF53 /* Sources */ = {
			isa = PBXSourcesBuildPhase;
			buildActionMask = 2147483647;
			files = (
				C80025AD29D6348F0072CF53 /* Homework_3Tests.swift in Sources */,
			);
			runOnlyForDeploymentPostprocessing = 0;
		};
		C80025AE29D6348F0072CF53 /* Sources */ = {
			isa = PBXSourcesBuildPhase;
			buildActionMask = 2147483647;
			files = (
				C80025B929D6348F0072CF53 /* Homework_3UITestsLaunchTests.swift in Sources */,
				C80025B729D6348F0072CF53 /* Homework_3UITests.swift in Sources */,
			);
			runOnlyForDeploymentPostprocessing = 0;
		};
/* End PBXSourcesBuildPhase section */

/* Begin PBXTargetDependency section */
		C80025AA29D6348F0072CF53 /* PBXTargetDependency */ = {
			isa = PBXTargetDependency;
			target = C800259129D6348E0072CF53 /* Homework 3 */;
			targetProxy = C80025A929D6348F0072CF53 /* PBXContainerItemProxy */;
		};
		C80025B429D6348F0072CF53 /* PBXTargetDependency */ = {
			isa = PBXTargetDependency;
			target = C800259129D6348E0072CF53 /* Homework 3 */;
			targetProxy = C80025B329D6348F0072CF53 /* PBXContainerItemProxy */;
		};
/* End PBXTargetDependency section */

/* Begin PBXVariantGroup section */
		C800259B29D6348E0072CF53 /* Main.storyboard */ = {
			isa = PBXVariantGroup;
			children = (
				C800259C29D6348E0072CF53 /* Base */,
			);
			name = Main.storyboard;
			sourceTree = "<group>";
		};
		C80025A029D6348F0072CF53 /* LaunchScreen.storyboard */ = {
			isa = PBXVariantGroup;
			children = (
				C80025A129D6348F0072CF53 /* Base */,
			);
			name = LaunchScreen.storyboard;
			sourceTree = "<group>";
		};
/* End PBXVariantGroup section */

/* Begin XCBuildConfiguration section */
		C80025BA29D6348F0072CF53 /* Debug */ = {
			isa = XCBuildConfiguration;
			buildSettings = {
				ALWAYS_SEARCH_USER_PATHS = NO;
				CLANG_ANALYZER_NONNULL = YES;
				CLANG_ANALYZER_NUMBER_OBJECT_CONVERSION = YES_AGGRESSIVE;
				CLANG_CXX_LANGUAGE_STANDARD = "gnu++20";
				CLANG_ENABLE_MODULES = YES;
				CLANG_ENABLE_OBJC_ARC = YES;
				CLANG_ENABLE_OBJC_WEAK = YES;
				CLANG_WARN_BLOCK_CAPTURE_AUTORELEASING = YES;
				CLANG_WARN_BOOL_CONVERSION = YES;
				CLANG_WARN_COMMA = YES;
				CLANG_WARN_CONSTANT_CONVERSION = YES;
				CLANG_WARN_DEPRECATED_OBJC_IMPLEMENTATIONS = YES;
				CLANG_WARN_DIRECT_OBJC_ISA_USAGE = YES_ERROR;
				CLANG_WARN_DOCUMENTATION_COMMENTS = YES;
				CLANG_WARN_EMPTY_BODY = YES;
				CLANG_WARN_ENUM_CONVERSION = YES;
				CLANG_WARN_INFINITE_RECURSION = YES;
				CLANG_WARN_INT_CONVERSION = YES;
				CLANG_WARN_NON_LITERAL_NULL_CONVERSION = YES;
				CLANG_WARN_OBJC_IMPLICIT_RETAIN_SELF = YES;
				CLANG_WARN_OBJC_LITERAL_CONVERSION = YES;
				CLANG_WARN_OBJC_ROOT_CLASS = YES_ERROR;
				CLANG_WARN_QUOTED_INCLUDE_IN_FRAMEWORK_HEADER = YES;
				CLANG_WARN_RANGE_LOOP_ANALYSIS = YES;
				CLANG_WARN_STRICT_PROTOTYPES = YES;
				CLANG_WARN_SUSPICIOUS_MOVE = YES;
				CLANG_WARN_UNGUARDED_AVAILABILITY = YES_AGGRESSIVE;
				CLANG_WARN_UNREACHABLE_CODE = YES;
				CLANG_WARN__DUPLICATE_METHOD_MATCH = YES;
				COPY_PHASE_STRIP = NO;
				DEBUG_INFORMATION_FORMAT = dwarf;
				ENABLE_STRICT_OBJC_MSGSEND = YES;
				ENABLE_TESTABILITY = YES;
				GCC_C_LANGUAGE_STANDARD = gnu11;
				GCC_DYNAMIC_NO_PIC = NO;
				GCC_NO_COMMON_BLOCKS = YES;
				GCC_OPTIMIZATION_LEVEL = 0;
				GCC_PREPROCESSOR_DEFINITIONS = (
					"DEBUG=1",
					"$(inherited)",
				);
				GCC_WARN_64_TO_32_BIT_CONVERSION = YES;
				GCC_WARN_ABOUT_RETURN_TYPE = YES_ERROR;
				GCC_WARN_UNDECLARED_SELECTOR = YES;
				GCC_WARN_UNINITIALIZED_AUTOS = YES_AGGRESSIVE;
				GCC_WARN_UNUSED_FUNCTION = YES;
				GCC_WARN_UNUSED_VARIABLE = YES;
				IPHONEOS_DEPLOYMENT_TARGET = 16.2;
				MTL_ENABLE_DEBUG_INFO = INCLUDE_SOURCE;
				MTL_FAST_MATH = YES;
				ONLY_ACTIVE_ARCH = YES;
				SDKROOT = iphoneos;
				SWIFT_ACTIVE_COMPILATION_CONDITIONS = DEBUG;
				SWIFT_OPTIMIZATION_LEVEL = "-Onone";
			};
			name = Debug;
		};
		C80025BB29D6348F0072CF53 /* Release */ = {
			isa = XCBuildConfiguration;
			buildSettings = {
				ALWAYS_SEARCH_USER_PATHS = NO;
				CLANG_ANALYZER_NONNULL = YES;
				CLANG_ANALYZER_NUMBER_OBJECT_CONVERSION = YES_AGGRESSIVE;
				CLANG_CXX_LANGUAGE_STANDARD = "gnu++20";
				CLANG_ENABLE_MODULES = YES;
				CLANG_ENABLE_OBJC_ARC = YES;
				CLANG_ENABLE_OBJC_WEAK = YES;
				CLANG_WARN_BLOCK_CAPTURE_AUTORELEASING = YES;
				CLANG_WARN_BOOL_CONVERSION = YES;
				CLANG_WARN_COMMA = YES;
				CLANG_WARN_CONSTANT_CONVERSION = YES;
				CLANG_WARN_DEPRECATED_OBJC_IMPLEMENTATIONS = YES;
				CLANG_WARN_DIRECT_OBJC_ISA_USAGE = YES_ERROR;
				CLANG_WARN_DOCUMENTATION_COMMENTS = YES;
				CLANG_WARN_EMPTY_BODY = YES;
				CLANG_WARN_ENUM_CONVERSION = YES;
				CLANG_WARN_INFINITE_RECURSION = YES;
				CLANG_WARN_INT_CONVERSION = YES;
				CLANG_WARN_NON_LITERAL_NULL_CONVERSION = YES;
				CLANG_WARN_OBJC_IMPLICIT_RETAIN_SELF = YES;
				CLANG_WARN_OBJC_LITERAL_CONVERSION = YES;
				CLANG_WARN_OBJC_ROOT_CLASS = YES_ERROR;
				CLANG_WARN_QUOTED_INCLUDE_IN_FRAMEWORK_HEADER = YES;
				CLANG_WARN_RANGE_LOOP_ANALYSIS = YES;
				CLANG_WARN_STRICT_PROTOTYPES = YES;
				CLANG_WARN_SUSPICIOUS_MOVE = YES;
				CLANG_WARN_UNGUARDED_AVAILABILITY = YES_AGGRESSIVE;
				CLANG_WARN_UNREACHABLE_CODE = YES;
				CLANG_WARN__DUPLICATE_METHOD_MATCH = YES;
				COPY_PHASE_STRIP = NO;
				DEBUG_INFORMATION_FORMAT = "dwarf-with-dsym";
				ENABLE_NS_ASSERTIONS = NO;
				ENABLE_STRICT_OBJC_MSGSEND = YES;
				GCC_C_LANGUAGE_STANDARD = gnu11;
				GCC_NO_COMMON_BLOCKS = YES;
				GCC_WARN_64_TO_32_BIT_CONVERSION = YES;
				GCC_WARN_ABOUT_RETURN_TYPE = YES_ERROR;
				GCC_WARN_UNDECLARED_SELECTOR = YES;
				GCC_WARN_UNINITIALIZED_AUTOS = YES_AGGRESSIVE;
				GCC_WARN_UNUSED_FUNCTION = YES;
				GCC_WARN_UNUSED_VARIABLE = YES;
				IPHONEOS_DEPLOYMENT_TARGET = 16.2;
				MTL_ENABLE_DEBUG_INFO = NO;
				MTL_FAST_MATH = YES;
				SDKROOT = iphoneos;
				SWIFT_COMPILATION_MODE = wholemodule;
				SWIFT_OPTIMIZATION_LEVEL = "-O";
				VALIDATE_PRODUCT = YES;
			};
			name = Release;
		};
		C80025BD29D6348F0072CF53 /* Debug */ = {
			isa = XCBuildConfiguration;
			buildSettings = {
				ASSETCATALOG_COMPILER_APPICON_NAME = AppIcon;
				ASSETCATALOG_COMPILER_GLOBAL_ACCENT_COLOR_NAME = AccentColor;
				CODE_SIGN_STYLE = Automatic;
				CURRENT_PROJECT_VERSION = 1;
				GENERATE_INFOPLIST_FILE = YES;
				INFOPLIST_FILE = "Homework 3/Info.plist";
				INFOPLIST_KEY_UIApplicationSupportsIndirectInputEvents = YES;
				INFOPLIST_KEY_UILaunchStoryboardName = LaunchScreen;
				INFOPLIST_KEY_UIMainStoryboardFile = Main;
				INFOPLIST_KEY_UISupportedInterfaceOrientations_iPad = "UIInterfaceOrientationPortrait UIInterfaceOrientationPortraitUpsideDown UIInterfaceOrientationLandscapeLeft UIInterfaceOrientationLandscapeRight";
				INFOPLIST_KEY_UISupportedInterfaceOrientations_iPhone = "UIInterfaceOrientationPortrait UIInterfaceOrientationLandscapeLeft UIInterfaceOrientationLandscapeRight";
				LD_RUNPATH_SEARCH_PATHS = (
					"$(inherited)",
					"@executable_path/Frameworks",
				);
				MARKETING_VERSION = 1.0;
				PRODUCT_BUNDLE_IDENTIFIER = "Homework-3.Homework-3";
				PRODUCT_NAME = "$(TARGET_NAME)";
				SWIFT_EMIT_LOC_STRINGS = YES;
				SWIFT_VERSION = 5.0;
				TARGETED_DEVICE_FAMILY = "1,2";
			};
			name = Debug;
		};
		C80025BE29D6348F0072CF53 /* Release */ = {
			isa = XCBuildConfiguration;
			buildSettings = {
				ASSETCATALOG_COMPILER_APPICON_NAME = AppIcon;
				ASSETCATALOG_COMPILER_GLOBAL_ACCENT_COLOR_NAME = AccentColor;
				CODE_SIGN_STYLE = Automatic;
				CURRENT_PROJECT_VERSION = 1;
				GENERATE_INFOPLIST_FILE = YES;
				INFOPLIST_FILE = "Homework 3/Info.plist";
				INFOPLIST_KEY_UIApplicationSupportsIndirectInputEvents = YES;
				INFOPLIST_KEY_UILaunchStoryboardName = LaunchScreen;
				INFOPLIST_KEY_UIMainStoryboardFile = Main;
				INFOPLIST_KEY_UISupportedInterfaceOrientations_iPad = "UIInterfaceOrientationPortrait UIInterfaceOrientationPortraitUpsideDown UIInterfaceOrientationLandscapeLeft UIInterfaceOrientationLandscapeRight";
				INFOPLIST_KEY_UISupportedInterfaceOrientations_iPhone = "UIInterfaceOrientationPortrait UIInterfaceOrientationLandscapeLeft UIInterfaceOrientationLandscapeRight";
				LD_RUNPATH_SEARCH_PATHS = (
					"$(inherited)",
					"@executable_path/Frameworks",
				);
				MARKETING_VERSION = 1.0;
				PRODUCT_BUNDLE_IDENTIFIER = "Homework-3.Homework-3";
				PRODUCT_NAME = "$(TARGET_NAME)";
				SWIFT_EMIT_LOC_STRINGS = YES;
				SWIFT_VERSION = 5.0;
				TARGETED_DEVICE_FAMILY = "1,2";
			};
			name = Release;
		};
		C80025C029D6348F0072CF53 /* Debug */ = {
			isa = XCBuildConfiguration;
			buildSettings = {
				ALWAYS_EMBED_SWIFT_STANDARD_LIBRARIES = YES;
				BUNDLE_LOADER = "$(TEST_HOST)";
				CODE_SIGN_STYLE = Automatic;
				CURRENT_PROJECT_VERSION = 1;
				GENERATE_INFOPLIST_FILE = YES;
				IPHONEOS_DEPLOYMENT_TARGET = 16.2;
				MARKETING_VERSION = 1.0;
				PRODUCT_BUNDLE_IDENTIFIER = "Homework-3.Homework-3Tests";
				PRODUCT_NAME = "$(TARGET_NAME)";
				SWIFT_EMIT_LOC_STRINGS = NO;
				SWIFT_VERSION = 5.0;
				TARGETED_DEVICE_FAMILY = "1,2";
				TEST_HOST = "$(BUILT_PRODUCTS_DIR)/Homework 3.app/$(BUNDLE_EXECUTABLE_FOLDER_PATH)/Homework 3";
			};
			name = Debug;
		};
		C80025C129D6348F0072CF53 /* Release */ = {
			isa = XCBuildConfiguration;
			buildSettings = {
				ALWAYS_EMBED_SWIFT_STANDARD_LIBRARIES = YES;
				BUNDLE_LOADER = "$(TEST_HOST)";
				CODE_SIGN_STYLE = Automatic;
				CURRENT_PROJECT_VERSION = 1;
				GENERATE_INFOPLIST_FILE = YES;
				IPHONEOS_DEPLOYMENT_TARGET = 16.2;
				MARKETING_VERSION = 1.0;
				PRODUCT_BUNDLE_IDENTIFIER = "Homework-3.Homework-3Tests";
				PRODUCT_NAME = "$(TARGET_NAME)";
				SWIFT_EMIT_LOC_STRINGS = NO;
				SWIFT_VERSION = 5.0;
				TARGETED_DEVICE_FAMILY = "1,2";
				TEST_HOST = "$(BUILT_PRODUCTS_DIR)/Homework 3.app/$(BUNDLE_EXECUTABLE_FOLDER_PATH)/Homework 3";
			};
			name = Release;
		};
		C80025C329D6348F0072CF53 /* Debug */ = {
			isa = XCBuildConfiguration;
			buildSettings = {
				ALWAYS_EMBED_SWIFT_STANDARD_LIBRARIES = YES;
				CODE_SIGN_STYLE = Automatic;
				CURRENT_PROJECT_VERSION = 1;
				GENERATE_INFOPLIST_FILE = YES;
				MARKETING_VERSION = 1.0;
				PRODUCT_BUNDLE_IDENTIFIER = "Homework-3.Homework-3UITests";
				PRODUCT_NAME = "$(TARGET_NAME)";
				SWIFT_EMIT_LOC_STRINGS = NO;
				SWIFT_VERSION = 5.0;
				TARGETED_DEVICE_FAMILY = "1,2";
				TEST_TARGET_NAME = "Homework 3";
			};
			name = Debug;
		};
		C80025C429D6348F0072CF53 /* Release */ = {
			isa = XCBuildConfiguration;
			buildSettings = {
				ALWAYS_EMBED_SWIFT_STANDARD_LIBRARIES = YES;
				CODE_SIGN_STYLE = Automatic;
				CURRENT_PROJECT_VERSION = 1;
				GENERATE_INFOPLIST_FILE = YES;
				MARKETING_VERSION = 1.0;
				PRODUCT_BUNDLE_IDENTIFIER = "Homework-3.Homework-3UITests";
				PRODUCT_NAME = "$(TARGET_NAME)";
				SWIFT_EMIT_LOC_STRINGS = NO;
				SWIFT_VERSION = 5.0;
				TARGETED_DEVICE_FAMILY = "1,2";
				TEST_TARGET_NAME = "Homework 3";
			};
			name = Release;
		};
/* End XCBuildConfiguration section */

/* Begin XCConfigurationList section */
		C800258D29D6348E0072CF53 /* Build configuration list for PBXProject "Homework 3" */ = {
			isa = XCConfigurationList;
			buildConfigurations = (
				C80025BA29D6348F0072CF53 /* Debug */,
				C80025BB29D6348F0072CF53 /* Release */,
			);
			defaultConfigurationIsVisible = 0;
			defaultConfigurationName = Release;
		};
		C80025BC29D6348F0072CF53 /* Build configuration list for PBXNativeTarget "Homework 3" */ = {
			isa = XCConfigurationList;
			buildConfigurations = (
				C80025BD29D6348F0072CF53 /* Debug */,
				C80025BE29D6348F0072CF53 /* Release */,
			);
			defaultConfigurationIsVisible = 0;
			defaultConfigurationName = Release;
		};
		C80025BF29D6348F0072CF53 /* Build configuration list for PBXNativeTarget "Homework 3Tests" */ = {
			isa = XCConfigurationList;
			buildConfigurations = (
				C80025C029D6348F0072CF53 /* Debug */,
				C80025C129D6348F0072CF53 /* Release */,
			);
			defaultConfigurationIsVisible = 0;
			defaultConfigurationName = Release;
		};
		C80025C229D6348F0072CF53 /* Build configuration list for PBXNativeTarget "Homework 3UITests" */ = {
			isa = XCConfigurationList;
			buildConfigurations = (
				C80025C329D6348F0072CF53 /* Debug */,
				C80025C429D6348F0072CF53 /* Release */,
			);
			defaultConfigurationIsVisible = 0;
			defaultConfigurationName = Release;
		};
/* End XCConfigurationList section */
	};
	rootObject = C800258A29D6348E0072CF53 /* Project object */;
}
